
Microsoft Visual Studio Solution File, Format Version 11.00
# Visual Studio 2010
Project("{FAE04EC0-301F-11D3-BF4B-00C04F79EFBC}") = "MaintainableJavascriptTests", "MaintainableJavascriptTests\MaintainableJavascriptTests.csproj", "{BF4CD3AF-FFB9-4AFE-8721-7574F889593B}"
EndProject
Global
	GlobalSection(SolutionConfigurationPlatforms) = preSolution
		Debug|Any CPU = Debug|Any CPU
		Release|Any CPU = Release|Any CPU
	EndGlobalSection
	GlobalSection(ProjectConfigurationPlatforms) = postSolution
		{BF4CD3AF-FFB9-4AFE-8721-7574F889593B}.Debug|Any CPU.ActiveCfg = Debug|Any CPU
		{BF4CD3AF-FFB9-4AFE-8721-7574F889593B}.Debug|Any CPU.Build.0 = Debug|Any CPU
		{BF4CD3AF-FFB9-4AFE-8721-7574F889593B}.Release|Any CPU.ActiveCfg = Release|Any CPU
		{BF4CD3AF-FFB9-4AFE-8721-7574F889593B}.Release|Any CPU.Build.0 = Release|Any CPU
	EndGlobalSection
	GlobalSection(SolutionProperties) = preSolution
		HideSolutionNode = FALSE
	EndGlobalSection
EndGlobal
